
Microsoft Visual Studio Solution File, Format Version 12.00
# Visual Studio Version 16
VisualStudioVersion = 16.0.33423.256
MinimumVisualStudioVersion = 10.0.40219.1
Project("{FAE04EC0-301F-11D3-BF4B-00C04F79EFBC}") = "task2", "task2\task2.csproj", "{1F3E2419-9340-489E-9228-F5773824B1F3}"
EndProject
Global
	GlobalSection(SolutionConfigurationPlatforms) = preSolution
		Debug|Any CPU = Debug|Any CPU
		Release|Any CPU = Release|Any CPU
	EndGlobalSection
	GlobalSection(ProjectConfigurationPlatforms) = postSolution
		{1F3E2419-9340-489E-9228-F5773824B1F3}.Debug|Any CPU.ActiveCfg = Debug|Any CPU
		{1F3E2419-9340-489E-9228-F5773824B1F3}.Debug|Any CPU.Build.0 = Debug|Any CPU
		{1F3E2419-9340-489E-9228-F5773824B1F3}.Release|Any CPU.ActiveCfg = Release|Any CPU
		{1F3E2419-9340-489E-9228-F5773824B1F3}.Release|Any CPU.Build.0 = Release|Any CPU
	EndGlobalSection
	GlobalSection(SolutionProperties) = preSolution
		HideSolutionNode = FALSE
	EndGlobalSection
	GlobalSection(ExtensibilityGlobals) = postSolution
		SolutionGuid = {78B6CF7B-0A3E-4072-9622-CFFB895B6078}
	EndGlobalSection
EndGlobal
