
Microsoft Visual Studio Solution File, Format Version 12.00
# Visual Studio Version 16
VisualStudioVersion = 16.0.33423.256
MinimumVisualStudioVersion = 10.0.40219.1
Project("{FAE04EC0-301F-11D3-BF4B-00C04F79EFBC}") = "assesment2", "assesment2\assesment2.csproj", "{EEC99546-1ECA-4047-B1AD-A1A511A488C9}"
EndProject
Global
	GlobalSection(SolutionConfigurationPlatforms) = preSolution
		Debug|Any CPU = Debug|Any CPU
		Release|Any CPU = Release|Any CPU
	EndGlobalSection
	GlobalSection(ProjectConfigurationPlatforms) = postSolution
		{EEC99546-1ECA-4047-B1AD-A1A511A488C9}.Debug|Any CPU.ActiveCfg = Debug|Any CPU
		{EEC99546-1ECA-4047-B1AD-A1A511A488C9}.Debug|Any CPU.Build.0 = Debug|Any CPU
		{EEC99546-1ECA-4047-B1AD-A1A511A488C9}.Release|Any CPU.ActiveCfg = Release|Any CPU
		{EEC99546-1ECA-4047-B1AD-A1A511A488C9}.Release|Any CPU.Build.0 = Release|Any CPU
	EndGlobalSection
	GlobalSection(SolutionProperties) = preSolution
		HideSolutionNode = FALSE
	EndGlobalSection
	GlobalSection(ExtensibilityGlobals) = postSolution
		SolutionGuid = {6C26288B-BEF9-4D31-AA6C-390261623A37}
	EndGlobalSection
EndGlobal
