
Microsoft Visual Studio Solution File, Format Version 12.00
# Visual Studio Version 16
VisualStudioVersion = 16.0.33423.256
MinimumVisualStudioVersion = 10.0.40219.1
Project("{FAE04EC0-301F-11D3-BF4B-00C04F79EFBC}") = "task3", "task3\task3.csproj", "{D0AB0AEA-844D-4E3D-88E2-EC021DEAA5A2}"
EndProject
Global
	GlobalSection(SolutionConfigurationPlatforms) = preSolution
		Debug|Any CPU = Debug|Any CPU
		Release|Any CPU = Release|Any CPU
	EndGlobalSection
	GlobalSection(ProjectConfigurationPlatforms) = postSolution
		{D0AB0AEA-844D-4E3D-88E2-EC021DEAA5A2}.Debug|Any CPU.ActiveCfg = Debug|Any CPU
		{D0AB0AEA-844D-4E3D-88E2-EC021DEAA5A2}.Debug|Any CPU.Build.0 = Debug|Any CPU
		{D0AB0AEA-844D-4E3D-88E2-EC021DEAA5A2}.Release|Any CPU.ActiveCfg = Release|Any CPU
		{D0AB0AEA-844D-4E3D-88E2-EC021DEAA5A2}.Release|Any CPU.Build.0 = Release|Any CPU
	EndGlobalSection
	GlobalSection(SolutionProperties) = preSolution
		HideSolutionNode = FALSE
	EndGlobalSection
	GlobalSection(ExtensibilityGlobals) = postSolution
		SolutionGuid = {26485836-53D7-4E5A-9A6E-89C71B93BC53}
	EndGlobalSection
EndGlobal
