
Microsoft Visual Studio Solution File, Format Version 12.00
# Visual Studio Version 16
VisualStudioVersion = 16.0.33423.256
MinimumVisualStudioVersion = 10.0.40219.1
Project("{FAE04EC0-301F-11D3-BF4B-00C04F79EFBC}") = "task2", "task2\task2.csproj", "{CF9351ED-E9F5-4980-8B1F-0BB27C178C90}"
EndProject
Global
	GlobalSection(SolutionConfigurationPlatforms) = preSolution
		Debug|Any CPU = Debug|Any CPU
		Release|Any CPU = Release|Any CPU
	EndGlobalSection
	GlobalSection(ProjectConfigurationPlatforms) = postSolution
		{CF9351ED-E9F5-4980-8B1F-0BB27C178C90}.Debug|Any CPU.ActiveCfg = Debug|Any CPU
		{CF9351ED-E9F5-4980-8B1F-0BB27C178C90}.Debug|Any CPU.Build.0 = Debug|Any CPU
		{CF9351ED-E9F5-4980-8B1F-0BB27C178C90}.Release|Any CPU.ActiveCfg = Release|Any CPU
		{CF9351ED-E9F5-4980-8B1F-0BB27C178C90}.Release|Any CPU.Build.0 = Release|Any CPU
	EndGlobalSection
	GlobalSection(SolutionProperties) = preSolution
		HideSolutionNode = FALSE
	EndGlobalSection
	GlobalSection(ExtensibilityGlobals) = postSolution
		SolutionGuid = {853F8B8D-5AAB-4A5A-8458-F5A51253F4B0}
	EndGlobalSection
EndGlobal
