
Microsoft Visual Studio Solution File, Format Version 12.00
# Visual Studio Version 16
VisualStudioVersion = 16.0.33529.622
MinimumVisualStudioVersion = 10.0.40219.1
Project("{FAE04EC0-301F-11D3-BF4B-00C04F79EFBC}") = "Task1", "Task1\Task1.csproj", "{2338D538-1816-4043-9829-5F41294F6A3F}"
EndProject
Global
	GlobalSection(SolutionConfigurationPlatforms) = preSolution
		Debug|Any CPU = Debug|Any CPU
		Release|Any CPU = Release|Any CPU
	EndGlobalSection
	GlobalSection(ProjectConfigurationPlatforms) = postSolution
		{2338D538-1816-4043-9829-5F41294F6A3F}.Debug|Any CPU.ActiveCfg = Debug|Any CPU
		{2338D538-1816-4043-9829-5F41294F6A3F}.Debug|Any CPU.Build.0 = Debug|Any CPU
		{2338D538-1816-4043-9829-5F41294F6A3F}.Release|Any CPU.ActiveCfg = Release|Any CPU
		{2338D538-1816-4043-9829-5F41294F6A3F}.Release|Any CPU.Build.0 = Release|Any CPU
	EndGlobalSection
	GlobalSection(SolutionProperties) = preSolution
		HideSolutionNode = FALSE
	EndGlobalSection
	GlobalSection(ExtensibilityGlobals) = postSolution
		SolutionGuid = {80437A0B-DFC5-483C-9933-08939E8C1A62}
	EndGlobalSection
EndGlobal
