
Microsoft Visual Studio Solution File, Format Version 12.00
# Visual Studio Version 16
VisualStudioVersion = 16.0.33529.622
MinimumVisualStudioVersion = 10.0.40219.1
Project("{FAE04EC0-301F-11D3-BF4B-00C04F79EFBC}") = "Problem4", "Problem4\Problem4.csproj", "{52578E9D-235E-4A1C-AAFE-D5EFF6BBADF8}"
EndProject
Global
	GlobalSection(SolutionConfigurationPlatforms) = preSolution
		Debug|Any CPU = Debug|Any CPU
		Release|Any CPU = Release|Any CPU
	EndGlobalSection
	GlobalSection(ProjectConfigurationPlatforms) = postSolution
		{52578E9D-235E-4A1C-AAFE-D5EFF6BBADF8}.Debug|Any CPU.ActiveCfg = Debug|Any CPU
		{52578E9D-235E-4A1C-AAFE-D5EFF6BBADF8}.Debug|Any CPU.Build.0 = Debug|Any CPU
		{52578E9D-235E-4A1C-AAFE-D5EFF6BBADF8}.Release|Any CPU.ActiveCfg = Release|Any CPU
		{52578E9D-235E-4A1C-AAFE-D5EFF6BBADF8}.Release|Any CPU.Build.0 = Release|Any CPU
	EndGlobalSection
	GlobalSection(SolutionProperties) = preSolution
		HideSolutionNode = FALSE
	EndGlobalSection
	GlobalSection(ExtensibilityGlobals) = postSolution
		SolutionGuid = {EB494C40-A096-4609-90D8-6A38062A1E30}
	EndGlobalSection
EndGlobal
