
Microsoft Visual Studio Solution File, Format Version 12.00
# Visual Studio Version 16
VisualStudioVersion = 16.0.33423.256
MinimumVisualStudioVersion = 10.0.40219.1
Project("{FAE04EC0-301F-11D3-BF4B-00C04F79EFBC}") = "assesment1", "assesment1\assesment1.csproj", "{EC548EAE-486E-4FEE-A7BD-07CCA630AE53}"
EndProject
Global
	GlobalSection(SolutionConfigurationPlatforms) = preSolution
		Debug|Any CPU = Debug|Any CPU
		Release|Any CPU = Release|Any CPU
	EndGlobalSection
	GlobalSection(ProjectConfigurationPlatforms) = postSolution
		{EC548EAE-486E-4FEE-A7BD-07CCA630AE53}.Debug|Any CPU.ActiveCfg = Debug|Any CPU
		{EC548EAE-486E-4FEE-A7BD-07CCA630AE53}.Debug|Any CPU.Build.0 = Debug|Any CPU
		{EC548EAE-486E-4FEE-A7BD-07CCA630AE53}.Release|Any CPU.ActiveCfg = Release|Any CPU
		{EC548EAE-486E-4FEE-A7BD-07CCA630AE53}.Release|Any CPU.Build.0 = Release|Any CPU
	EndGlobalSection
	GlobalSection(SolutionProperties) = preSolution
		HideSolutionNode = FALSE
	EndGlobalSection
	GlobalSection(ExtensibilityGlobals) = postSolution
		SolutionGuid = {4456AAED-E433-4C53-A9F3-55CF5267E5DB}
	EndGlobalSection
EndGlobal
