
Microsoft Visual Studio Solution File, Format Version 12.00
# Visual Studio Version 16
VisualStudioVersion = 16.0.33423.256
MinimumVisualStudioVersion = 10.0.40219.1
Project("{FAE04EC0-301F-11D3-BF4B-00C04F79EFBC}") = "assesmentweek3", "assesmentweek3\assesmentweek3.csproj", "{92AD1813-C61F-4CCD-9FDA-B350C094DE9D}"
EndProject
Global
	GlobalSection(SolutionConfigurationPlatforms) = preSolution
		Debug|Any CPU = Debug|Any CPU
		Release|Any CPU = Release|Any CPU
	EndGlobalSection
	GlobalSection(ProjectConfigurationPlatforms) = postSolution
		{92AD1813-C61F-4CCD-9FDA-B350C094DE9D}.Debug|Any CPU.ActiveCfg = Debug|Any CPU
		{92AD1813-C61F-4CCD-9FDA-B350C094DE9D}.Debug|Any CPU.Build.0 = Debug|Any CPU
		{92AD1813-C61F-4CCD-9FDA-B350C094DE9D}.Release|Any CPU.ActiveCfg = Release|Any CPU
		{92AD1813-C61F-4CCD-9FDA-B350C094DE9D}.Release|Any CPU.Build.0 = Release|Any CPU
	EndGlobalSection
	GlobalSection(SolutionProperties) = preSolution
		HideSolutionNode = FALSE
	EndGlobalSection
	GlobalSection(ExtensibilityGlobals) = postSolution
		SolutionGuid = {B1504420-3297-48F6-8A16-07C87A8725AF}
	EndGlobalSection
EndGlobal
