
Microsoft Visual Studio Solution File, Format Version 12.00
# Visual Studio Version 16
VisualStudioVersion = 16.0.33423.256
MinimumVisualStudioVersion = 10.0.40219.1
Project("{FAE04EC0-301F-11D3-BF4B-00C04F79EFBC}") = "task1", "task1\task1.csproj", "{7E04CDA4-6533-44E4-A29C-006F66C45AE2}"
EndProject
Global
	GlobalSection(SolutionConfigurationPlatforms) = preSolution
		Debug|Any CPU = Debug|Any CPU
		Release|Any CPU = Release|Any CPU
	EndGlobalSection
	GlobalSection(ProjectConfigurationPlatforms) = postSolution
		{7E04CDA4-6533-44E4-A29C-006F66C45AE2}.Debug|Any CPU.ActiveCfg = Debug|Any CPU
		{7E04CDA4-6533-44E4-A29C-006F66C45AE2}.Debug|Any CPU.Build.0 = Debug|Any CPU
		{7E04CDA4-6533-44E4-A29C-006F66C45AE2}.Release|Any CPU.ActiveCfg = Release|Any CPU
		{7E04CDA4-6533-44E4-A29C-006F66C45AE2}.Release|Any CPU.Build.0 = Release|Any CPU
	EndGlobalSection
	GlobalSection(SolutionProperties) = preSolution
		HideSolutionNode = FALSE
	EndGlobalSection
	GlobalSection(ExtensibilityGlobals) = postSolution
		SolutionGuid = {0D273BA0-DE75-48A7-85A0-BCBF7C515B9D}
	EndGlobalSection
EndGlobal
