
Microsoft Visual Studio Solution File, Format Version 12.00
# Visual Studio Version 16
VisualStudioVersion = 16.0.33423.256
MinimumVisualStudioVersion = 10.0.40219.1
Project("{FAE04EC0-301F-11D3-BF4B-00C04F79EFBC}") = "task2", "task2\task2.csproj", "{F628EA13-C98E-4182-A636-F3D3FE73A860}"
EndProject
Global
	GlobalSection(SolutionConfigurationPlatforms) = preSolution
		Debug|Any CPU = Debug|Any CPU
		Release|Any CPU = Release|Any CPU
	EndGlobalSection
	GlobalSection(ProjectConfigurationPlatforms) = postSolution
		{F628EA13-C98E-4182-A636-F3D3FE73A860}.Debug|Any CPU.ActiveCfg = Debug|Any CPU
		{F628EA13-C98E-4182-A636-F3D3FE73A860}.Debug|Any CPU.Build.0 = Debug|Any CPU
		{F628EA13-C98E-4182-A636-F3D3FE73A860}.Release|Any CPU.ActiveCfg = Release|Any CPU
		{F628EA13-C98E-4182-A636-F3D3FE73A860}.Release|Any CPU.Build.0 = Release|Any CPU
	EndGlobalSection
	GlobalSection(SolutionProperties) = preSolution
		HideSolutionNode = FALSE
	EndGlobalSection
	GlobalSection(ExtensibilityGlobals) = postSolution
		SolutionGuid = {2DDBF223-AEDA-4115-A660-EA9CF105A938}
	EndGlobalSection
EndGlobal
